
Microsoft Visual Studio Solution File, Format Version 12.00
# Visual Studio 15
VisualStudioVersion = 15.0.27703.2042
MinimumVisualStudioVersion = 10.0.40219.1
Project("{FAE04EC0-301F-11D3-BF4B-00C04F79EFBC}") = "WordDocumentGeneration", "WordDocumentGeneration\WordDocumentGeneration.csproj", "{969E24BA-A5F3-4854-890C-1E11FF5F45D3}"
EndProject
Project("{FAE04EC0-301F-11D3-BF4B-00C04F79EFBC}") = "WordDocumentGeneration.API", "WordDocumentGeneration.API\WordDocumentGeneration.API.csproj", "{A49A8E05-D9F9-49CA-BD37-D7A709707092}"
EndProject
Project("{FAE04EC0-301F-11D3-BF4B-00C04F79EFBC}") = "WordDocumentGeneration.Tests", "WordDocumentGeneration.Tests\WordDocumentGeneration.Tests.csproj", "{30D021AE-9EA1-4E3F-9988-6CD722625458}"
EndProject
Project("{FAE04EC0-301F-11D3-BF4B-00C04F79EFBC}") = "PresentationGeneration", "PresentationGeneration\PresentationGeneration.csproj", "{27E8AE3C-9367-4D21-846C-1ABCDEFD4E0B}"
EndProject
Project("{FAE04EC0-301F-11D3-BF4B-00C04F79EFBC}") = "PresentationGeneration.Tests", "PresentationGeneration.Tests\PresentationGeneration.Tests.csproj", "{DACECE73-37E9-4715-B71F-72B9E33BF536}"
EndProject
Global
	GlobalSection(SolutionConfigurationPlatforms) = preSolution
		Debug|Any CPU = Debug|Any CPU
		Release|Any CPU = Release|Any CPU
	EndGlobalSection
	GlobalSection(ProjectConfigurationPlatforms) = postSolution
		{969E24BA-A5F3-4854-890C-1E11FF5F45D3}.Debug|Any CPU.ActiveCfg = Debug|Any CPU
		{969E24BA-A5F3-4854-890C-1E11FF5F45D3}.Debug|Any CPU.Build.0 = Debug|Any CPU
		{969E24BA-A5F3-4854-890C-1E11FF5F45D3}.Release|Any CPU.ActiveCfg = Release|Any CPU
		{969E24BA-A5F3-4854-890C-1E11FF5F45D3}.Release|Any CPU.Build.0 = Release|Any CPU
		{A49A8E05-D9F9-49CA-BD37-D7A709707092}.Debug|Any CPU.ActiveCfg = Debug|Any CPU
		{A49A8E05-D9F9-49CA-BD37-D7A709707092}.Debug|Any CPU.Build.0 = Debug|Any CPU
		{A49A8E05-D9F9-49CA-BD37-D7A709707092}.Release|Any CPU.ActiveCfg = Release|Any CPU
		{A49A8E05-D9F9-49CA-BD37-D7A709707092}.Release|Any CPU.Build.0 = Release|Any CPU
		{30D021AE-9EA1-4E3F-9988-6CD722625458}.Debug|Any CPU.ActiveCfg = Debug|Any CPU
		{30D021AE-9EA1-4E3F-9988-6CD722625458}.Debug|Any CPU.Build.0 = Debug|Any CPU
		{30D021AE-9EA1-4E3F-9988-6CD722625458}.Release|Any CPU.ActiveCfg = Release|Any CPU
		{30D021AE-9EA1-4E3F-9988-6CD722625458}.Release|Any CPU.Build.0 = Release|Any CPU
		{27E8AE3C-9367-4D21-846C-1ABCDEFD4E0B}.Debug|Any CPU.ActiveCfg = Debug|Any CPU
		{27E8AE3C-9367-4D21-846C-1ABCDEFD4E0B}.Debug|Any CPU.Build.0 = Debug|Any CPU
		{27E8AE3C-9367-4D21-846C-1ABCDEFD4E0B}.Release|Any CPU.ActiveCfg = Release|Any CPU
		{27E8AE3C-9367-4D21-846C-1ABCDEFD4E0B}.Release|Any CPU.Build.0 = Release|Any CPU
		{DACECE73-37E9-4715-B71F-72B9E33BF536}.Debug|Any CPU.ActiveCfg = Debug|Any CPU
		{DACECE73-37E9-4715-B71F-72B9E33BF536}.Debug|Any CPU.Build.0 = Debug|Any CPU
		{DACECE73-37E9-4715-B71F-72B9E33BF536}.Release|Any CPU.ActiveCfg = Release|Any CPU
		{DACECE73-37E9-4715-B71F-72B9E33BF536}.Release|Any CPU.Build.0 = Release|Any CPU
	EndGlobalSection
	GlobalSection(SolutionProperties) = preSolution
		HideSolutionNode = FALSE
	EndGlobalSection
	GlobalSection(ExtensibilityGlobals) = postSolution
		SolutionGuid = {63E0B407-46DA-4DEC-9F27-A36907B287EB}
	EndGlobalSection
EndGlobal
